
Microsoft Visual Studio Solution File, Format Version 12.00
# Visual Studio 15
Project("{FAE04EC0-301F-11D3-BF4B-00C04F79EFBC}") = "Kim.Study.Android", "Kim.Study.Android\Kim.Study.Android.csproj", "{3DF4A854-7931-4416-A8D2-1769DE9ADC2A}"
EndProject
Project("{FAE04EC0-301F-11D3-BF4B-00C04F79EFBC}") = "Kim.Study.iOS", "Kim.Study.iOS\Kim.Study.iOS.csproj", "{CC36C8B7-2422-4C56-91DB-3002DDBDBF0F}"
EndProject
Project("{FAE04EC0-301F-11D3-BF4B-00C04F79EFBC}") = "Kim.Study", "Kim.Study\Kim.Study.csproj", "{595F4E82-4348-4C53-A5C8-92F569932B3A}"
EndProject
Project("{FAE04EC0-301F-11D3-BF4B-00C04F79EFBC}") = "androidtest", "androidtest\androidtest.csproj", "{7D28E72D-70C8-45F9-949A-7DBA86D7B706}"
EndProject
Project("{FAE04EC0-301F-11D3-BF4B-00C04F79EFBC}") = "Xam.Plugin.WebView.Abstractions", "Xam.Plugin.WebView.Abstractions\Xam.Plugin.WebView.Abstractions.csproj", "{BEE878AF-E5AA-42F5-A098-2A1A8FB73226}"
EndProject
Project("{FAE04EC0-301F-11D3-BF4B-00C04F79EFBC}") = "Xam.Plugin.WebView.Droid", "Xam.Plugin.WebView.Droid\Xam.Plugin.WebView.Droid.csproj", "{F64BF210-B6C6-40C1-ABB4-8792934ECF12}"
EndProject
Project("{FAE04EC0-301F-11D3-BF4B-00C04F79EFBC}") = "Xam.Plugin.WebView.iOS", "Xam.Plugin.WebView.iOS\Xam.Plugin.WebView.iOS.csproj", "{8098820E-1470-4EA2-BE23-96CBA0A5764B}"
EndProject
Global
	GlobalSection(SolutionConfigurationPlatforms) = preSolution
		Debug|Any CPU = Debug|Any CPU
		Release|Any CPU = Release|Any CPU
		Debug|iPhoneSimulator = Debug|iPhoneSimulator
		Release|iPhoneSimulator = Release|iPhoneSimulator
		Debug|iPhone = Debug|iPhone
		Release|iPhone = Release|iPhone
		Ad-Hoc|iPhone = Ad-Hoc|iPhone
		AppStore|iPhone = AppStore|iPhone
	EndGlobalSection
	GlobalSection(ProjectConfigurationPlatforms) = postSolution
		{3DF4A854-7931-4416-A8D2-1769DE9ADC2A}.Debug|Any CPU.ActiveCfg = Debug|Any CPU
		{3DF4A854-7931-4416-A8D2-1769DE9ADC2A}.Debug|Any CPU.Build.0 = Debug|Any CPU
		{3DF4A854-7931-4416-A8D2-1769DE9ADC2A}.Release|Any CPU.ActiveCfg = Release|Any CPU
		{3DF4A854-7931-4416-A8D2-1769DE9ADC2A}.Release|Any CPU.Build.0 = Release|Any CPU
		{3DF4A854-7931-4416-A8D2-1769DE9ADC2A}.Debug|iPhoneSimulator.ActiveCfg = Debug|Any CPU
		{3DF4A854-7931-4416-A8D2-1769DE9ADC2A}.Debug|iPhoneSimulator.Build.0 = Debug|Any CPU
		{3DF4A854-7931-4416-A8D2-1769DE9ADC2A}.Release|iPhoneSimulator.ActiveCfg = Release|Any CPU
		{3DF4A854-7931-4416-A8D2-1769DE9ADC2A}.Release|iPhoneSimulator.Build.0 = Release|Any CPU
		{3DF4A854-7931-4416-A8D2-1769DE9ADC2A}.Debug|iPhone.ActiveCfg = Debug|Any CPU
		{3DF4A854-7931-4416-A8D2-1769DE9ADC2A}.Debug|iPhone.Build.0 = Debug|Any CPU
		{3DF4A854-7931-4416-A8D2-1769DE9ADC2A}.Release|iPhone.ActiveCfg = Release|Any CPU
		{3DF4A854-7931-4416-A8D2-1769DE9ADC2A}.Release|iPhone.Build.0 = Release|Any CPU
		{3DF4A854-7931-4416-A8D2-1769DE9ADC2A}.Ad-Hoc|iPhone.ActiveCfg = Debug|Any CPU
		{3DF4A854-7931-4416-A8D2-1769DE9ADC2A}.Ad-Hoc|iPhone.Build.0 = Debug|Any CPU
		{3DF4A854-7931-4416-A8D2-1769DE9ADC2A}.AppStore|iPhone.ActiveCfg = Debug|Any CPU
		{3DF4A854-7931-4416-A8D2-1769DE9ADC2A}.AppStore|iPhone.Build.0 = Debug|Any CPU
		{CC36C8B7-2422-4C56-91DB-3002DDBDBF0F}.Debug|Any CPU.ActiveCfg = Debug|iPhoneSimulator
		{CC36C8B7-2422-4C56-91DB-3002DDBDBF0F}.Debug|Any CPU.Build.0 = Debug|iPhoneSimulator
		{CC36C8B7-2422-4C56-91DB-3002DDBDBF0F}.Release|Any CPU.ActiveCfg = Release|iPhoneSimulator
		{CC36C8B7-2422-4C56-91DB-3002DDBDBF0F}.Release|Any CPU.Build.0 = Release|iPhoneSimulator
		{CC36C8B7-2422-4C56-91DB-3002DDBDBF0F}.Debug|iPhoneSimulator.ActiveCfg = Debug|iPhoneSimulator
		{CC36C8B7-2422-4C56-91DB-3002DDBDBF0F}.Debug|iPhoneSimulator.Build.0 = Debug|iPhoneSimulator
		{CC36C8B7-2422-4C56-91DB-3002DDBDBF0F}.Release|iPhoneSimulator.ActiveCfg = Release|iPhoneSimulator
		{CC36C8B7-2422-4C56-91DB-3002DDBDBF0F}.Release|iPhoneSimulator.Build.0 = Release|iPhoneSimulator
		{CC36C8B7-2422-4C56-91DB-3002DDBDBF0F}.Debug|iPhone.ActiveCfg = Debug|iPhone
		{CC36C8B7-2422-4C56-91DB-3002DDBDBF0F}.Debug|iPhone.Build.0 = Debug|iPhone
		{CC36C8B7-2422-4C56-91DB-3002DDBDBF0F}.Release|iPhone.ActiveCfg = Release|iPhone
		{CC36C8B7-2422-4C56-91DB-3002DDBDBF0F}.Release|iPhone.Build.0 = Release|iPhone
		{CC36C8B7-2422-4C56-91DB-3002DDBDBF0F}.Ad-Hoc|iPhone.ActiveCfg = Ad-Hoc|iPhone
		{CC36C8B7-2422-4C56-91DB-3002DDBDBF0F}.Ad-Hoc|iPhone.Build.0 = Ad-Hoc|iPhone
		{CC36C8B7-2422-4C56-91DB-3002DDBDBF0F}.AppStore|iPhone.ActiveCfg = AppStore|iPhone
		{CC36C8B7-2422-4C56-91DB-3002DDBDBF0F}.AppStore|iPhone.Build.0 = AppStore|iPhone
		{595F4E82-4348-4C53-A5C8-92F569932B3A}.Debug|Any CPU.ActiveCfg = Debug|Any CPU
		{595F4E82-4348-4C53-A5C8-92F569932B3A}.Debug|Any CPU.Build.0 = Debug|Any CPU
		{595F4E82-4348-4C53-A5C8-92F569932B3A}.Release|Any CPU.ActiveCfg = Release|Any CPU
		{595F4E82-4348-4C53-A5C8-92F569932B3A}.Release|Any CPU.Build.0 = Release|Any CPU
		{595F4E82-4348-4C53-A5C8-92F569932B3A}.Debug|iPhoneSimulator.ActiveCfg = Debug|Any CPU
		{595F4E82-4348-4C53-A5C8-92F569932B3A}.Debug|iPhoneSimulator.Build.0 = Debug|Any CPU
		{595F4E82-4348-4C53-A5C8-92F569932B3A}.Release|iPhoneSimulator.ActiveCfg = Release|Any CPU
		{595F4E82-4348-4C53-A5C8-92F569932B3A}.Release|iPhoneSimulator.Build.0 = Release|Any CPU
		{595F4E82-4348-4C53-A5C8-92F569932B3A}.Debug|iPhone.ActiveCfg = Debug|Any CPU
		{595F4E82-4348-4C53-A5C8-92F569932B3A}.Debug|iPhone.Build.0 = Debug|Any CPU
		{595F4E82-4348-4C53-A5C8-92F569932B3A}.Release|iPhone.ActiveCfg = Release|Any CPU
		{595F4E82-4348-4C53-A5C8-92F569932B3A}.Release|iPhone.Build.0 = Release|Any CPU
		{595F4E82-4348-4C53-A5C8-92F569932B3A}.Ad-Hoc|iPhone.ActiveCfg = Debug|Any CPU
		{595F4E82-4348-4C53-A5C8-92F569932B3A}.Ad-Hoc|iPhone.Build.0 = Debug|Any CPU
		{595F4E82-4348-4C53-A5C8-92F569932B3A}.AppStore|iPhone.ActiveCfg = Debug|Any CPU
		{595F4E82-4348-4C53-A5C8-92F569932B3A}.AppStore|iPhone.Build.0 = Debug|Any CPU
		{7D28E72D-70C8-45F9-949A-7DBA86D7B706}.Debug|Any CPU.ActiveCfg = Debug|Any CPU
		{7D28E72D-70C8-45F9-949A-7DBA86D7B706}.Debug|Any CPU.Build.0 = Debug|Any CPU
		{7D28E72D-70C8-45F9-949A-7DBA86D7B706}.Release|Any CPU.ActiveCfg = Release|Any CPU
		{7D28E72D-70C8-45F9-949A-7DBA86D7B706}.Release|Any CPU.Build.0 = Release|Any CPU
		{7D28E72D-70C8-45F9-949A-7DBA86D7B706}.Debug|iPhoneSimulator.ActiveCfg = Debug|Any CPU
		{7D28E72D-70C8-45F9-949A-7DBA86D7B706}.Debug|iPhoneSimulator.Build.0 = Debug|Any CPU
		{7D28E72D-70C8-45F9-949A-7DBA86D7B706}.Release|iPhoneSimulator.ActiveCfg = Release|Any CPU
		{7D28E72D-70C8-45F9-949A-7DBA86D7B706}.Release|iPhoneSimulator.Build.0 = Release|Any CPU
		{7D28E72D-70C8-45F9-949A-7DBA86D7B706}.Debug|iPhone.ActiveCfg = Debug|Any CPU
		{7D28E72D-70C8-45F9-949A-7DBA86D7B706}.Debug|iPhone.Build.0 = Debug|Any CPU
		{7D28E72D-70C8-45F9-949A-7DBA86D7B706}.Release|iPhone.ActiveCfg = Release|Any CPU
		{7D28E72D-70C8-45F9-949A-7DBA86D7B706}.Release|iPhone.Build.0 = Release|Any CPU
		{7D28E72D-70C8-45F9-949A-7DBA86D7B706}.Ad-Hoc|iPhone.ActiveCfg = Debug|Any CPU
		{7D28E72D-70C8-45F9-949A-7DBA86D7B706}.Ad-Hoc|iPhone.Build.0 = Debug|Any CPU
		{7D28E72D-70C8-45F9-949A-7DBA86D7B706}.AppStore|iPhone.ActiveCfg = Debug|Any CPU
		{7D28E72D-70C8-45F9-949A-7DBA86D7B706}.AppStore|iPhone.Build.0 = Debug|Any CPU
		{BEE878AF-E5AA-42F5-A098-2A1A8FB73226}.Debug|Any CPU.ActiveCfg = Debug|Any CPU
		{BEE878AF-E5AA-42F5-A098-2A1A8FB73226}.Debug|Any CPU.Build.0 = Debug|Any CPU
		{BEE878AF-E5AA-42F5-A098-2A1A8FB73226}.Release|Any CPU.ActiveCfg = Release|Any CPU
		{BEE878AF-E5AA-42F5-A098-2A1A8FB73226}.Release|Any CPU.Build.0 = Release|Any CPU
		{BEE878AF-E5AA-42F5-A098-2A1A8FB73226}.Debug|iPhoneSimulator.ActiveCfg = Debug|Any CPU
		{BEE878AF-E5AA-42F5-A098-2A1A8FB73226}.Debug|iPhoneSimulator.Build.0 = Debug|Any CPU
		{BEE878AF-E5AA-42F5-A098-2A1A8FB73226}.Release|iPhoneSimulator.ActiveCfg = Release|Any CPU
		{BEE878AF-E5AA-42F5-A098-2A1A8FB73226}.Release|iPhoneSimulator.Build.0 = Release|Any CPU
		{BEE878AF-E5AA-42F5-A098-2A1A8FB73226}.Debug|iPhone.ActiveCfg = Debug|Any CPU
		{BEE878AF-E5AA-42F5-A098-2A1A8FB73226}.Debug|iPhone.Build.0 = Debug|Any CPU
		{BEE878AF-E5AA-42F5-A098-2A1A8FB73226}.Release|iPhone.ActiveCfg = Release|Any CPU
		{BEE878AF-E5AA-42F5-A098-2A1A8FB73226}.Release|iPhone.Build.0 = Release|Any CPU
		{BEE878AF-E5AA-42F5-A098-2A1A8FB73226}.Ad-Hoc|iPhone.ActiveCfg = Debug|Any CPU
		{BEE878AF-E5AA-42F5-A098-2A1A8FB73226}.Ad-Hoc|iPhone.Build.0 = Debug|Any CPU
		{BEE878AF-E5AA-42F5-A098-2A1A8FB73226}.AppStore|iPhone.ActiveCfg = Debug|Any CPU
		{BEE878AF-E5AA-42F5-A098-2A1A8FB73226}.AppStore|iPhone.Build.0 = Debug|Any CPU
		{F64BF210-B6C6-40C1-ABB4-8792934ECF12}.Debug|Any CPU.ActiveCfg = Debug|Any CPU
		{F64BF210-B6C6-40C1-ABB4-8792934ECF12}.Debug|Any CPU.Build.0 = Debug|Any CPU
		{F64BF210-B6C6-40C1-ABB4-8792934ECF12}.Release|Any CPU.ActiveCfg = Release|Any CPU
		{F64BF210-B6C6-40C1-ABB4-8792934ECF12}.Release|Any CPU.Build.0 = Release|Any CPU
		{F64BF210-B6C6-40C1-ABB4-8792934ECF12}.Debug|iPhoneSimulator.ActiveCfg = Debug|Any CPU
		{F64BF210-B6C6-40C1-ABB4-8792934ECF12}.Debug|iPhoneSimulator.Build.0 = Debug|Any CPU
		{F64BF210-B6C6-40C1-ABB4-8792934ECF12}.Release|iPhoneSimulator.ActiveCfg = Release|Any CPU
		{F64BF210-B6C6-40C1-ABB4-8792934ECF12}.Release|iPhoneSimulator.Build.0 = Release|Any CPU
		{F64BF210-B6C6-40C1-ABB4-8792934ECF12}.Debug|iPhone.ActiveCfg = Debug|Any CPU
		{F64BF210-B6C6-40C1-ABB4-8792934ECF12}.Debug|iPhone.Build.0 = Debug|Any CPU
		{F64BF210-B6C6-40C1-ABB4-8792934ECF12}.Release|iPhone.ActiveCfg = Release|Any CPU
		{F64BF210-B6C6-40C1-ABB4-8792934ECF12}.Release|iPhone.Build.0 = Release|Any CPU
		{F64BF210-B6C6-40C1-ABB4-8792934ECF12}.Ad-Hoc|iPhone.ActiveCfg = Debug|Any CPU
		{F64BF210-B6C6-40C1-ABB4-8792934ECF12}.Ad-Hoc|iPhone.Build.0 = Debug|Any CPU
		{F64BF210-B6C6-40C1-ABB4-8792934ECF12}.AppStore|iPhone.ActiveCfg = Debug|Any CPU
		{F64BF210-B6C6-40C1-ABB4-8792934ECF12}.AppStore|iPhone.Build.0 = Debug|Any CPU
		{8098820E-1470-4EA2-BE23-96CBA0A5764B}.Debug|Any CPU.ActiveCfg = Debug|Any CPU
		{8098820E-1470-4EA2-BE23-96CBA0A5764B}.Debug|Any CPU.Build.0 = Debug|Any CPU
		{8098820E-1470-4EA2-BE23-96CBA0A5764B}.Release|Any CPU.ActiveCfg = Release|Any CPU
		{8098820E-1470-4EA2-BE23-96CBA0A5764B}.Release|Any CPU.Build.0 = Release|Any CPU
		{8098820E-1470-4EA2-BE23-96CBA0A5764B}.Debug|iPhoneSimulator.ActiveCfg = Debug|Any CPU
		{8098820E-1470-4EA2-BE23-96CBA0A5764B}.Debug|iPhoneSimulator.Build.0 = Debug|Any CPU
		{8098820E-1470-4EA2-BE23-96CBA0A5764B}.Release|iPhoneSimulator.ActiveCfg = Release|Any CPU
		{8098820E-1470-4EA2-BE23-96CBA0A5764B}.Release|iPhoneSimulator.Build.0 = Release|Any CPU
		{8098820E-1470-4EA2-BE23-96CBA0A5764B}.Debug|iPhone.ActiveCfg = Debug|Any CPU
		{8098820E-1470-4EA2-BE23-96CBA0A5764B}.Debug|iPhone.Build.0 = Debug|Any CPU
		{8098820E-1470-4EA2-BE23-96CBA0A5764B}.Release|iPhone.ActiveCfg = Release|Any CPU
		{8098820E-1470-4EA2-BE23-96CBA0A5764B}.Release|iPhone.Build.0 = Release|Any CPU
		{8098820E-1470-4EA2-BE23-96CBA0A5764B}.Ad-Hoc|iPhone.ActiveCfg = Debug|Any CPU
		{8098820E-1470-4EA2-BE23-96CBA0A5764B}.Ad-Hoc|iPhone.Build.0 = Debug|Any CPU
		{8098820E-1470-4EA2-BE23-96CBA0A5764B}.AppStore|iPhone.ActiveCfg = Debug|Any CPU
		{8098820E-1470-4EA2-BE23-96CBA0A5764B}.AppStore|iPhone.Build.0 = Debug|Any CPU
	EndGlobalSection
EndGlobal
